
Microsoft Visual Studio Solution File, Format Version 12.00
# Visual Studio 15
VisualStudioVersion = 15.0.26430.16
MinimumVisualStudioVersion = 10.0.40219.1
Project("{FAE04EC0-301F-11D3-BF4B-00C04F79EFBC}") = "P01.DayOfWeek", "P01.DayOfWeek\P01.DayOfWeek.csproj", "{1272AB04-2AAD-4346-A2B3-E713653412EE}"
EndProject
Project("{FAE04EC0-301F-11D3-BF4B-00C04F79EFBC}") = "P02.RandomizeWords", "P02.RandomizeWords\P02.RandomizeWords.csproj", "{0FD9172C-E242-4F24-8348-ACCD9B480F07}"
EndProject
Project("{FAE04EC0-301F-11D3-BF4B-00C04F79EFBC}") = "P03.BigFactorial", "P03.BigFactorial\P03.BigFactorial.csproj", "{9E122391-488F-439A-9866-456AA24CFE71}"
EndProject
Project("{FAE04EC0-301F-11D3-BF4B-00C04F79EFBC}") = "P04.DistanceBetweenPoints", "P04.DistanceBetweenPoints\P04.DistanceBetweenPoints.csproj", "{BB391CE9-820E-4405-94BF-E91A991D436B}"
EndProject
Project("{FAE04EC0-301F-11D3-BF4B-00C04F79EFBC}") = "P05.ClosestTwoPoints", "P05.ClosestTwoPoints\P05.ClosestTwoPoints.csproj", "{ED0DA419-D858-43B6-8DC3-792EC118B322}"
EndProject
Project("{FAE04EC0-301F-11D3-BF4B-00C04F79EFBC}") = "P06.RectanglePosition", "P06.RectanglePosition\P06.RectanglePosition.csproj", "{67494579-E4A9-4D25-9C0A-24E24561E0FA}"
EndProject
Project("{FAE04EC0-301F-11D3-BF4B-00C04F79EFBC}") = "P07.SalesReport", "P07.SalesReport\P07.SalesReport.csproj", "{2EE9A345-36E3-4E3C-9F43-E94C4748CF3E}"
EndProject
Global
	GlobalSection(SolutionConfigurationPlatforms) = preSolution
		Debug|Any CPU = Debug|Any CPU
		Release|Any CPU = Release|Any CPU
	EndGlobalSection
	GlobalSection(ProjectConfigurationPlatforms) = postSolution
		{1272AB04-2AAD-4346-A2B3-E713653412EE}.Debug|Any CPU.ActiveCfg = Debug|Any CPU
		{1272AB04-2AAD-4346-A2B3-E713653412EE}.Debug|Any CPU.Build.0 = Debug|Any CPU
		{1272AB04-2AAD-4346-A2B3-E713653412EE}.Release|Any CPU.ActiveCfg = Release|Any CPU
		{1272AB04-2AAD-4346-A2B3-E713653412EE}.Release|Any CPU.Build.0 = Release|Any CPU
		{0FD9172C-E242-4F24-8348-ACCD9B480F07}.Debug|Any CPU.ActiveCfg = Debug|Any CPU
		{0FD9172C-E242-4F24-8348-ACCD9B480F07}.Debug|Any CPU.Build.0 = Debug|Any CPU
		{0FD9172C-E242-4F24-8348-ACCD9B480F07}.Release|Any CPU.ActiveCfg = Release|Any CPU
		{0FD9172C-E242-4F24-8348-ACCD9B480F07}.Release|Any CPU.Build.0 = Release|Any CPU
		{9E122391-488F-439A-9866-456AA24CFE71}.Debug|Any CPU.ActiveCfg = Debug|Any CPU
		{9E122391-488F-439A-9866-456AA24CFE71}.Debug|Any CPU.Build.0 = Debug|Any CPU
		{9E122391-488F-439A-9866-456AA24CFE71}.Release|Any CPU.ActiveCfg = Release|Any CPU
		{9E122391-488F-439A-9866-456AA24CFE71}.Release|Any CPU.Build.0 = Release|Any CPU
		{BB391CE9-820E-4405-94BF-E91A991D436B}.Debug|Any CPU.ActiveCfg = Debug|Any CPU
		{BB391CE9-820E-4405-94BF-E91A991D436B}.Debug|Any CPU.Build.0 = Debug|Any CPU
		{BB391CE9-820E-4405-94BF-E91A991D436B}.Release|Any CPU.ActiveCfg = Release|Any CPU
		{BB391CE9-820E-4405-94BF-E91A991D436B}.Release|Any CPU.Build.0 = Release|Any CPU
		{ED0DA419-D858-43B6-8DC3-792EC118B322}.Debug|Any CPU.ActiveCfg = Debug|Any CPU
		{ED0DA419-D858-43B6-8DC3-792EC118B322}.Debug|Any CPU.Build.0 = Debug|Any CPU
		{ED0DA419-D858-43B6-8DC3-792EC118B322}.Release|Any CPU.ActiveCfg = Release|Any CPU
		{ED0DA419-D858-43B6-8DC3-792EC118B322}.Release|Any CPU.Build.0 = Release|Any CPU
		{67494579-E4A9-4D25-9C0A-24E24561E0FA}.Debug|Any CPU.ActiveCfg = Debug|Any CPU
		{67494579-E4A9-4D25-9C0A-24E24561E0FA}.Debug|Any CPU.Build.0 = Debug|Any CPU
		{67494579-E4A9-4D25-9C0A-24E24561E0FA}.Release|Any CPU.ActiveCfg = Release|Any CPU
		{67494579-E4A9-4D25-9C0A-24E24561E0FA}.Release|Any CPU.Build.0 = Release|Any CPU
		{2EE9A345-36E3-4E3C-9F43-E94C4748CF3E}.Debug|Any CPU.ActiveCfg = Debug|Any CPU
		{2EE9A345-36E3-4E3C-9F43-E94C4748CF3E}.Debug|Any CPU.Build.0 = Debug|Any CPU
		{2EE9A345-36E3-4E3C-9F43-E94C4748CF3E}.Release|Any CPU.ActiveCfg = Release|Any CPU
		{2EE9A345-36E3-4E3C-9F43-E94C4748CF3E}.Release|Any CPU.Build.0 = Release|Any CPU
	EndGlobalSection
	GlobalSection(SolutionProperties) = preSolution
		HideSolutionNode = FALSE
	EndGlobalSection
EndGlobal
