
Microsoft Visual Studio Solution File, Format Version 12.00
# Visual Studio 15
VisualStudioVersion = 15.0.26430.16
MinimumVisualStudioVersion = 10.0.40219.1
Project("{FAE04EC0-301F-11D3-BF4B-00C04F79EFBC}") = "P01.MatchFullName", "P01.MatchFullName\P01.MatchFullName.csproj", "{156CDEA2-AF12-43C9-9BA5-C6FC4EEA22D6}"
EndProject
Project("{FAE04EC0-301F-11D3-BF4B-00C04F79EFBC}") = "P02.MatchPhoneNumber", "P02.MatchPhoneNumber\P02.MatchPhoneNumber.csproj", "{E8BE2400-D58F-45EA-AA68-78CCE67918AA}"
EndProject
Project("{FAE04EC0-301F-11D3-BF4B-00C04F79EFBC}") = "P03.MatchHexadecimalNumbers", "P03.MatchHexadecimalNumbers\P03.MatchHexadecimalNumbers.csproj", "{10AB12DD-6A0A-4206-BC9D-D82A4987D470}"
EndProject
Project("{FAE04EC0-301F-11D3-BF4B-00C04F79EFBC}") = "P04.MatchDates", "P04.MatchDates\P04.MatchDates.csproj", "{B6F3146F-9DD1-4BCD-AC28-B31929EC022C}"
EndProject
Project("{FAE04EC0-301F-11D3-BF4B-00C04F79EFBC}") = "P05.MatchNumbers", "P05.MatchNumbers\P05.MatchNumbers.csproj", "{CE1773B5-0453-41ED-BDF9-35CEDB3BC990}"
EndProject
Project("{FAE04EC0-301F-11D3-BF4B-00C04F79EFBC}") = "P06.ReplaceATag", "P06.ReplaceATag\P06.ReplaceATag.csproj", "{5A624AA5-7567-4573-AEE3-10632CF888B1}"
EndProject
Global
	GlobalSection(SolutionConfigurationPlatforms) = preSolution
		Debug|Any CPU = Debug|Any CPU
		Release|Any CPU = Release|Any CPU
	EndGlobalSection
	GlobalSection(ProjectConfigurationPlatforms) = postSolution
		{156CDEA2-AF12-43C9-9BA5-C6FC4EEA22D6}.Debug|Any CPU.ActiveCfg = Debug|Any CPU
		{156CDEA2-AF12-43C9-9BA5-C6FC4EEA22D6}.Debug|Any CPU.Build.0 = Debug|Any CPU
		{156CDEA2-AF12-43C9-9BA5-C6FC4EEA22D6}.Release|Any CPU.ActiveCfg = Release|Any CPU
		{156CDEA2-AF12-43C9-9BA5-C6FC4EEA22D6}.Release|Any CPU.Build.0 = Release|Any CPU
		{E8BE2400-D58F-45EA-AA68-78CCE67918AA}.Debug|Any CPU.ActiveCfg = Debug|Any CPU
		{E8BE2400-D58F-45EA-AA68-78CCE67918AA}.Debug|Any CPU.Build.0 = Debug|Any CPU
		{E8BE2400-D58F-45EA-AA68-78CCE67918AA}.Release|Any CPU.ActiveCfg = Release|Any CPU
		{E8BE2400-D58F-45EA-AA68-78CCE67918AA}.Release|Any CPU.Build.0 = Release|Any CPU
		{10AB12DD-6A0A-4206-BC9D-D82A4987D470}.Debug|Any CPU.ActiveCfg = Debug|Any CPU
		{10AB12DD-6A0A-4206-BC9D-D82A4987D470}.Debug|Any CPU.Build.0 = Debug|Any CPU
		{10AB12DD-6A0A-4206-BC9D-D82A4987D470}.Release|Any CPU.ActiveCfg = Release|Any CPU
		{10AB12DD-6A0A-4206-BC9D-D82A4987D470}.Release|Any CPU.Build.0 = Release|Any CPU
		{B6F3146F-9DD1-4BCD-AC28-B31929EC022C}.Debug|Any CPU.ActiveCfg = Debug|Any CPU
		{B6F3146F-9DD1-4BCD-AC28-B31929EC022C}.Debug|Any CPU.Build.0 = Debug|Any CPU
		{B6F3146F-9DD1-4BCD-AC28-B31929EC022C}.Release|Any CPU.ActiveCfg = Release|Any CPU
		{B6F3146F-9DD1-4BCD-AC28-B31929EC022C}.Release|Any CPU.Build.0 = Release|Any CPU
		{CE1773B5-0453-41ED-BDF9-35CEDB3BC990}.Debug|Any CPU.ActiveCfg = Debug|Any CPU
		{CE1773B5-0453-41ED-BDF9-35CEDB3BC990}.Debug|Any CPU.Build.0 = Debug|Any CPU
		{CE1773B5-0453-41ED-BDF9-35CEDB3BC990}.Release|Any CPU.ActiveCfg = Release|Any CPU
		{CE1773B5-0453-41ED-BDF9-35CEDB3BC990}.Release|Any CPU.Build.0 = Release|Any CPU
		{5A624AA5-7567-4573-AEE3-10632CF888B1}.Debug|Any CPU.ActiveCfg = Debug|Any CPU
		{5A624AA5-7567-4573-AEE3-10632CF888B1}.Debug|Any CPU.Build.0 = Debug|Any CPU
		{5A624AA5-7567-4573-AEE3-10632CF888B1}.Release|Any CPU.ActiveCfg = Release|Any CPU
		{5A624AA5-7567-4573-AEE3-10632CF888B1}.Release|Any CPU.Build.0 = Release|Any CPU
	EndGlobalSection
	GlobalSection(SolutionProperties) = preSolution
		HideSolutionNode = FALSE
	EndGlobalSection
EndGlobal
