
Microsoft Visual Studio Solution File, Format Version 12.00
# Visual Studio 15
VisualStudioVersion = 15.0.26430.6
MinimumVisualStudioVersion = 10.0.40219.1
Project("{FAE04EC0-301F-11D3-BF4B-00C04F79EFBC}") = "01.X", "01.X\01.X.csproj", "{81C6980F-D25E-4EF8-AFC2-8DE629C1BBFD}"
EndProject
Project("{FAE04EC0-301F-11D3-BF4B-00C04F79EFBC}") = "02.VaporStore", "02.VaporStore\02.VaporStore.csproj", "{41E81AA4-BA5F-4897-A6CD-E67E74D53852}"
EndProject
Project("{FAE04EC0-301F-11D3-BF4B-00C04F79EFBC}") = "03.Megapixels", "03.Megapixels\03.Megapixels.csproj", "{50ACAF0B-E07B-461B-84E2-B9B720C01202}"
EndProject
Project("{FAE04EC0-301F-11D3-BF4B-00C04F79EFBC}") = "04.PhotoGallery", "04.PhotoGallery\04.PhotoGallery.csproj", "{3A724AED-9D6B-4000-9A24-2E4327B31318}"
EndProject
Project("{FAE04EC0-301F-11D3-BF4B-00C04F79EFBC}") = "05.BPMCounter", "05.BPMCounter\05.BPMCounter.csproj", "{30CCD08D-E151-4111-9D46-920BA9786600}"
EndProject
Project("{FAE04EC0-301F-11D3-BF4B-00C04F79EFBC}") = "06.DNASequences", "06.DNASequences\06.DNASequences.csproj", "{D476F088-2630-4F05-BF91-B55FBF9D8ED6}"
EndProject
Project("{FAE04EC0-301F-11D3-BF4B-00C04F79EFBC}") = "07.TrainingHallEquipment", "07.TrainingHallEquipment\07.TrainingHallEquipment.csproj", "{03B6274E-AFF9-4DCF-BA2F-FF9C7DDFA031}"
EndProject
Project("{FAE04EC0-301F-11D3-BF4B-00C04F79EFBC}") = "08.SMSTyping", "08.SMSTyping\08.SMSTyping.csproj", "{6F0AB772-81D6-4BC8-94AB-15EE17FEC33A}"
EndProject
Global
	GlobalSection(SolutionConfigurationPlatforms) = preSolution
		Debug|Any CPU = Debug|Any CPU
		Release|Any CPU = Release|Any CPU
	EndGlobalSection
	GlobalSection(ProjectConfigurationPlatforms) = postSolution
		{81C6980F-D25E-4EF8-AFC2-8DE629C1BBFD}.Debug|Any CPU.ActiveCfg = Debug|Any CPU
		{81C6980F-D25E-4EF8-AFC2-8DE629C1BBFD}.Debug|Any CPU.Build.0 = Debug|Any CPU
		{81C6980F-D25E-4EF8-AFC2-8DE629C1BBFD}.Release|Any CPU.ActiveCfg = Release|Any CPU
		{81C6980F-D25E-4EF8-AFC2-8DE629C1BBFD}.Release|Any CPU.Build.0 = Release|Any CPU
		{41E81AA4-BA5F-4897-A6CD-E67E74D53852}.Debug|Any CPU.ActiveCfg = Debug|Any CPU
		{41E81AA4-BA5F-4897-A6CD-E67E74D53852}.Debug|Any CPU.Build.0 = Debug|Any CPU
		{41E81AA4-BA5F-4897-A6CD-E67E74D53852}.Release|Any CPU.ActiveCfg = Release|Any CPU
		{41E81AA4-BA5F-4897-A6CD-E67E74D53852}.Release|Any CPU.Build.0 = Release|Any CPU
		{50ACAF0B-E07B-461B-84E2-B9B720C01202}.Debug|Any CPU.ActiveCfg = Debug|Any CPU
		{50ACAF0B-E07B-461B-84E2-B9B720C01202}.Debug|Any CPU.Build.0 = Debug|Any CPU
		{50ACAF0B-E07B-461B-84E2-B9B720C01202}.Release|Any CPU.ActiveCfg = Release|Any CPU
		{50ACAF0B-E07B-461B-84E2-B9B720C01202}.Release|Any CPU.Build.0 = Release|Any CPU
		{3A724AED-9D6B-4000-9A24-2E4327B31318}.Debug|Any CPU.ActiveCfg = Debug|Any CPU
		{3A724AED-9D6B-4000-9A24-2E4327B31318}.Debug|Any CPU.Build.0 = Debug|Any CPU
		{3A724AED-9D6B-4000-9A24-2E4327B31318}.Release|Any CPU.ActiveCfg = Release|Any CPU
		{3A724AED-9D6B-4000-9A24-2E4327B31318}.Release|Any CPU.Build.0 = Release|Any CPU
		{30CCD08D-E151-4111-9D46-920BA9786600}.Debug|Any CPU.ActiveCfg = Debug|Any CPU
		{30CCD08D-E151-4111-9D46-920BA9786600}.Debug|Any CPU.Build.0 = Debug|Any CPU
		{30CCD08D-E151-4111-9D46-920BA9786600}.Release|Any CPU.ActiveCfg = Release|Any CPU
		{30CCD08D-E151-4111-9D46-920BA9786600}.Release|Any CPU.Build.0 = Release|Any CPU
		{D476F088-2630-4F05-BF91-B55FBF9D8ED6}.Debug|Any CPU.ActiveCfg = Debug|Any CPU
		{D476F088-2630-4F05-BF91-B55FBF9D8ED6}.Debug|Any CPU.Build.0 = Debug|Any CPU
		{D476F088-2630-4F05-BF91-B55FBF9D8ED6}.Release|Any CPU.ActiveCfg = Release|Any CPU
		{D476F088-2630-4F05-BF91-B55FBF9D8ED6}.Release|Any CPU.Build.0 = Release|Any CPU
		{03B6274E-AFF9-4DCF-BA2F-FF9C7DDFA031}.Debug|Any CPU.ActiveCfg = Debug|Any CPU
		{03B6274E-AFF9-4DCF-BA2F-FF9C7DDFA031}.Debug|Any CPU.Build.0 = Debug|Any CPU
		{03B6274E-AFF9-4DCF-BA2F-FF9C7DDFA031}.Release|Any CPU.ActiveCfg = Release|Any CPU
		{03B6274E-AFF9-4DCF-BA2F-FF9C7DDFA031}.Release|Any CPU.Build.0 = Release|Any CPU
		{6F0AB772-81D6-4BC8-94AB-15EE17FEC33A}.Debug|Any CPU.ActiveCfg = Debug|Any CPU
		{6F0AB772-81D6-4BC8-94AB-15EE17FEC33A}.Debug|Any CPU.Build.0 = Debug|Any CPU
		{6F0AB772-81D6-4BC8-94AB-15EE17FEC33A}.Release|Any CPU.ActiveCfg = Release|Any CPU
		{6F0AB772-81D6-4BC8-94AB-15EE17FEC33A}.Release|Any CPU.Build.0 = Release|Any CPU
	EndGlobalSection
	GlobalSection(SolutionProperties) = preSolution
		HideSolutionNode = FALSE
	EndGlobalSection
EndGlobal
